// !$*UTF8*$!
{
	archiveVersion = 1;
	classes = {
	};
	objectVersion = 46;
	objects = {

/* Begin PBXBuildFile section */
		3A78993D1F3ED1F1007CDDA0 /* AppDelegate.swift in Sources */ = {isa = PBXBuildFile; fileRef = 3A78993C1F3ED1F1007CDDA0 /* AppDelegate.swift */; };
		3A78993F1F3ED1F1007CDDA0 /* ViewController.swift in Sources */ = {isa = PBXBuildFile; fileRef = 3A78993E1F3ED1F1007CDDA0 /* ViewController.swift */; };
		3A7899421F3ED1F1007CDDA0 /* Main.storyboard in Resources */ = {isa = PBXBuildFile; fileRef = 3A7899401F3ED1F1007CDDA0 /* Main.storyboard */; };
		3A7899451F3ED1F1007CDDA0 /* pawneeproject.xcdatamodeld in Sources */ = {isa = PBXBuildFile; fileRef = 3A7899431F3ED1F1007CDDA0 /* pawneeproject.xcdatamodeld */; };
		3A7899471F3ED1F1007CDDA0 /* Assets.xcassets in Resources */ = {isa = PBXBuildFile; fileRef = 3A7899461F3ED1F1007CDDA0 /* Assets.xcassets */; };
		3A78994A1F3ED1F1007CDDA0 /* LaunchScreen.storyboard in Resources */ = {isa = PBXBuildFile; fileRef = 3A7899481F3ED1F1007CDDA0 /* LaunchScreen.storyboard */; };
		3A7899551F3ED1F1007CDDA0 /* pawneeprojectTests.swift in Sources */ = {isa = PBXBuildFile; fileRef = 3A7899541F3ED1F1007CDDA0 /* pawneeprojectTests.swift */; };
		3A7899601F3ED1F1007CDDA0 /* pawneeprojectUITests.swift in Sources */ = {isa = PBXBuildFile; fileRef = 3A78995F1F3ED1F1007CDDA0 /* pawneeprojectUITests.swift */; };
/* End PBXBuildFile section */

/* Begin PBXContainerItemProxy section */
		3A7899511F3ED1F1007CDDA0 /* PBXContainerItemProxy */ = {
			isa = PBXContainerItemProxy;
			containerPortal = 3A7899311F3ED1F1007CDDA0 /* Project object */;
			proxyType = 1;
			remoteGlobalIDString = 3A7899381F3ED1F1007CDDA0;
			remoteInfo = pawneeproject;
		};
		3A78995C1F3ED1F1007CDDA0 /* PBXContainerItemProxy */ = {
			isa = PBXContainerItemProxy;
			containerPortal = 3A7899311F3ED1F1007CDDA0 /* Project object */;
			proxyType = 1;
			remoteGlobalIDString = 3A7899381F3ED1F1007CDDA0;
			remoteInfo = pawneeproject;
		};
/* End PBXContainerItemProxy section */

/* Begin PBXFileReference section */
		3A7899391F3ED1F1007CDDA0 /* pawneeproject.app */ = {isa = PBXFileReference; explicitFileType = wrapper.application; includeInIndex = 0; path = pawneeproject.app; sourceTree = BUILT_PRODUCTS_DIR; };
		3A78993C1F3ED1F1007CDDA0 /* AppDelegate.swift */ = {isa = PBXFileReference; lastKnownFileType = sourcecode.swift; path = AppDelegate.swift; sourceTree = "<group>"; };
		3A78993E1F3ED1F1007CDDA0 /* ViewController.swift */ = {isa = PBXFileReference; lastKnownFileType = sourcecode.swift; path = ViewController.swift; sourceTree = "<group>"; };
		3A7899411F3ED1F1007CDDA0 /* Base */ = {isa = PBXFileReference; lastKnownFileType = file.storyboard; name = Base; path = Base.lproj/Main.storyboard; sourceTree = "<group>"; };
		3A7899441F3ED1F1007CDDA0 /* pawneeproject.xcdatamodel */ = {isa = PBXFileReference; lastKnownFileType = wrapper.xcdatamodel; path = pawneeproject.xcdatamodel; sourceTree = "<group>"; };
		3A7899461F3ED1F1007CDDA0 /* Assets.xcassets */ = {isa = PBXFileReference; lastKnownFileType = folder.assetcatalog; path = Assets.xcassets; sourceTree = "<group>"; };
		3A7899491F3ED1F1007CDDA0 /* Base */ = {isa = PBXFileReference; lastKnownFileType = file.storyboard; name = Base; path = Base.lproj/LaunchScreen.storyboard; sourceTree = "<group>"; };
		3A78994B1F3ED1F1007CDDA0 /* Info.plist */ = {isa = PBXFileReference; lastKnownFileType = text.plist.xml; path = Info.plist; sourceTree = "<group>"; };
		3A7899501F3ED1F1007CDDA0 /* pawneeprojectTests.xctest */ = {isa = PBXFileReference; explicitFileType = wrapper.cfbundle; includeInIndex = 0; path = pawneeprojectTests.xctest; sourceTree = BUILT_PRODUCTS_DIR; };
		3A7899541F3ED1F1007CDDA0 /* pawneeprojectTests.swift */ = {isa = PBXFileReference; lastKnownFileType = sourcecode.swift; path = pawneeprojectTests.swift; sourceTree = "<group>"; };
		3A7899561F3ED1F1007CDDA0 /* Info.plist */ = {isa = PBXFileReference; lastKnownFileType = text.plist.xml; path = Info.plist; sourceTree = "<group>"; };
		3A78995B1F3ED1F1007CDDA0 /* pawneeprojectUITests.xctest */ = {isa = PBXFileReference; explicitFileType = wrapper.cfbundle; includeInIndex = 0; path = pawneeprojectUITests.xctest; sourceTree = BUILT_PRODUCTS_DIR; };
		3A78995F1F3ED1F1007CDDA0 /* pawneeprojectUITests.swift */ = {isa = PBXFileReference; lastKnownFileType = sourcecode.swift; path = pawneeprojectUITests.swift; sourceTree = "<group>"; };
		3A7899611F3ED1F1007CDDA0 /* Info.plist */ = {isa = PBXFileReference; lastKnownFileType = text.plist.xml; path = Info.plist; sourceTree = "<group>"; };
/* End PBXFileReference section */

/* Begin PBXFrameworksBuildPhase section */
		3A7899361F3ED1F1007CDDA0 /* Frameworks */ = {
			isa = PBXFrameworksBuildPhase;
			buildActionMask = 2147483647;
			files = (
			);
			runOnlyForDeploymentPostprocessing = 0;
		};
		3A78994D1F3ED1F1007CDDA0 /* Frameworks */ = {
			isa = PBXFrameworksBuildPhase;
			buildActionMask = 2147483647;
			files = (
			);
			runOnlyForDeploymentPostprocessing = 0;
		};
		3A7899581F3ED1F1007CDDA0 /* Frameworks */ = {
			isa = PBXFrameworksBuildPhase;
			buildActionMask = 2147483647;
			files = (
			);
			runOnlyForDeploymentPostprocessing = 0;
		};
/* End PBXFrameworksBuildPhase section */

/* Begin PBXGroup section */
		3A7899301F3ED1F1007CDDA0 = {
			isa = PBXGroup;
			children = (
				3A78993B1F3ED1F1007CDDA0 /* pawneeproject */,
				3A7899531F3ED1F1007CDDA0 /* pawneeprojectTests */,
				3A78995E1F3ED1F1007CDDA0 /* pawneeprojectUITests */,
				3A78993A1F3ED1F1007CDDA0 /* Products */,
			);
			sourceTree = "<group>";
		};
		3A78993A1F3ED1F1007CDDA0 /* Products */ = {
			isa = PBXGroup;
			children = (
				3A7899391F3ED1F1007CDDA0 /* pawneeproject.app */,
				3A7899501F3ED1F1007CDDA0 /* pawneeprojectTests.xctest */,
				3A78995B1F3ED1F1007CDDA0 /* pawneeprojectUITests.xctest */,
			);
			name = Products;
			sourceTree = "<group>";
		};
		3A78993B1F3ED1F1007CDDA0 /* pawneeproject */ = {
			isa = PBXGroup;
			children = (
				3A78993C1F3ED1F1007CDDA0 /* AppDelegate.swift */,
				3A78993E1F3ED1F1007CDDA0 /* ViewController.swift */,
				3A7899401F3ED1F1007CDDA0 /* Main.storyboard */,
				3A7899461F3ED1F1007CDDA0 /* Assets.xcassets */,
				3A7899481F3ED1F1007CDDA0 /* LaunchScreen.storyboard */,
				3A78994B1F3ED1F1007CDDA0 /* Info.plist */,
				3A7899431F3ED1F1007CDDA0 /* pawneeproject.xcdatamodeld */,
			);
			path = pawneeproject;
			sourceTree = "<group>";
		};
		3A7899531F3ED1F1007CDDA0 /* pawneeprojectTests */ = {
			isa = PBXGroup;
			children = (
				3A7899541F3ED1F1007CDDA0 /* pawneeprojectTests.swift */,
				3A7899561F3ED1F1007CDDA0 /* Info.plist */,
			);
			path = pawneeprojectTests;
			sourceTree = "<group>";
		};
		3A78995E1F3ED1F1007CDDA0 /* pawneeprojectUITests */ = {
			isa = PBXGroup;
			children = (
				3A78995F1F3ED1F1007CDDA0 /* pawneeprojectUITests.swift */,
				3A7899611F3ED1F1007CDDA0 /* Info.plist */,
			);
			path = pawneeprojectUITests;
			sourceTree = "<group>";
		};
/* End PBXGroup section */

/* Begin PBXNativeTarget section */
		3A7899381F3ED1F1007CDDA0 /* pawneeproject */ = {
			isa = PBXNativeTarget;
			buildConfigurationList = 3A7899641F3ED1F1007CDDA0 /* Build configuration list for PBXNativeTarget "pawneeproject" */;
			buildPhases = (
				3A7899351F3ED1F1007CDDA0 /* Sources */,
				3A7899361F3ED1F1007CDDA0 /* Frameworks */,
				3A7899371F3ED1F1007CDDA0 /* Resources */,
			);
			buildRules = (
			);
			dependencies = (
			);
			name = pawneeproject;
			productName = pawneeproject;
			productReference = 3A7899391F3ED1F1007CDDA0 /* pawneeproject.app */;
			productType = "com.apple.product-type.application";
		};
		3A78994F1F3ED1F1007CDDA0 /* pawneeprojectTests */ = {
			isa = PBXNativeTarget;
			buildConfigurationList = 3A7899671F3ED1F1007CDDA0 /* Build configuration list for PBXNativeTarget "pawneeprojectTests" */;
			buildPhases = (
				3A78994C1F3ED1F1007CDDA0 /* Sources */,
				3A78994D1F3ED1F1007CDDA0 /* Frameworks */,
				3A78994E1F3ED1F1007CDDA0 /* Resources */,
			);
			buildRules = (
			);
			dependencies = (
				3A7899521F3ED1F1007CDDA0 /* PBXTargetDependency */,
			);
			name = pawneeprojectTests;
			productName = pawneeprojectTests;
			productReference = 3A7899501F3ED1F1007CDDA0 /* pawneeprojectTests.xctest */;
			productType = "com.apple.product-type.bundle.unit-test";
		};
		3A78995A1F3ED1F1007CDDA0 /* pawneeprojectUITests */ = {
			isa = PBXNativeTarget;
			buildConfigurationList = 3A78996A1F3ED1F1007CDDA0 /* Build configuration list for PBXNativeTarget "pawneeprojectUITests" */;
			buildPhases = (
				3A7899571F3ED1F1007CDDA0 /* Sources */,
				3A7899581F3ED1F1007CDDA0 /* Frameworks */,
				3A7899591F3ED1F1007CDDA0 /* Resources */,
			);
			buildRules = (
			);
			dependencies = (
				3A78995D1F3ED1F1007CDDA0 /* PBXTargetDependency */,
			);
			name = pawneeprojectUITests;
			productName = pawneeprojectUITests;
			productReference = 3A78995B1F3ED1F1007CDDA0 /* pawneeprojectUITests.xctest */;
			productType = "com.apple.product-type.bundle.ui-testing";
		};
/* End PBXNativeTarget section */

/* Begin PBXProject section */
		3A7899311F3ED1F1007CDDA0 /* Project object */ = {
			isa = PBXProject;
			attributes = {
				LastSwiftUpdateCheck = 0830;
				LastUpgradeCheck = 0830;
				ORGANIZATIONNAME = "Victor Samperio";
				TargetAttributes = {
					3A7899381F3ED1F1007CDDA0 = {
						CreatedOnToolsVersion = 8.3.3;
						DevelopmentTeam = 3Z8AV2Q945;
						ProvisioningStyle = Automatic;
					};
					3A78994F1F3ED1F1007CDDA0 = {
						CreatedOnToolsVersion = 8.3.3;
						DevelopmentTeam = 3Z8AV2Q945;
						ProvisioningStyle = Automatic;
						TestTargetID = 3A7899381F3ED1F1007CDDA0;
					};
					3A78995A1F3ED1F1007CDDA0 = {
						CreatedOnToolsVersion = 8.3.3;
						DevelopmentTeam = 3Z8AV2Q945;
						ProvisioningStyle = Automatic;
						TestTargetID = 3A7899381F3ED1F1007CDDA0;
					};
				};
			};
			buildConfigurationList = 3A7899341F3ED1F1007CDDA0 /* Build configuration list for PBXProject "pawneeproject" */;
			compatibilityVersion = "Xcode 3.2";
			developmentRegion = English;
			hasScannedForEncodings = 0;
			knownRegions = (
				en,
				Base,
			);
			mainGroup = 3A7899301F3ED1F1007CDDA0;
			productRefGroup = 3A78993A1F3ED1F1007CDDA0 /* Products */;
			projectDirPath = "";
			projectRoot = "";
			targets = (
				3A7899381F3ED1F1007CDDA0 /* pawneeproject */,
				3A78994F1F3ED1F1007CDDA0 /* pawneeprojectTests */,
				3A78995A1F3ED1F1007CDDA0 /* pawneeprojectUITests */,
			);
		};
/* End PBXProject section */

/* Begin PBXResourcesBuildPhase section */
		3A7899371F3ED1F1007CDDA0 /* Resources */ = {
			isa = PBXResourcesBuildPhase;
			buildActionMask = 2147483647;
			files = (
				3A78994A1F3ED1F1007CDDA0 /* LaunchScreen.storyboard in Resources */,
				3A7899471F3ED1F1007CDDA0 /* Assets.xcassets in Resources */,
				3A7899421F3ED1F1007CDDA0 /* Main.storyboard in Resources */,
			);
			runOnlyForDeploymentPostprocessing = 0;
		};
		3A78994E1F3ED1F1007CDDA0 /* Resources */ = {
			isa = PBXResourcesBuildPhase;
			buildActionMask = 2147483647;
			files = (
			);
			runOnlyForDeploymentPostprocessing = 0;
		};
		3A7899591F3ED1F1007CDDA0 /* Resources */ = {
			isa = PBXResourcesBuildPhase;
			buildActionMask = 2147483647;
			files = (
			);
			runOnlyForDeploymentPostprocessing = 0;
		};
/* End PBXResourcesBuildPhase section */

/* Begin PBXSourcesBuildPhase section */
		3A7899351F3ED1F1007CDDA0 /* Sources */ = {
			isa = PBXSourcesBuildPhase;
			buildActionMask = 2147483647;
			files = (
				3A7899451F3ED1F1007CDDA0 /* pawneeproject.xcdatamodeld in Sources */,
				3A78993F1F3ED1F1007CDDA0 /* ViewController.swift in Sources */,
				3A78993D1F3ED1F1007CDDA0 /* AppDelegate.swift in Sources */,
			);
			runOnlyForDeploymentPostprocessing = 0;
		};
		3A78994C1F3ED1F1007CDDA0 /* Sources */ = {
			isa = PBXSourcesBuildPhase;
			buildActionMask = 2147483647;
			files = (
				3A7899551F3ED1F1007CDDA0 /* pawneeprojectTests.swift in Sources */,
			);
			runOnlyForDeploymentPostprocessing = 0;
		};
		3A7899571F3ED1F1007CDDA0 /* Sources */ = {
			isa = PBXSourcesBuildPhase;
			buildActionMask = 2147483647;
			files = (
				3A7899601F3ED1F1007CDDA0 /* pawneeprojectUITests.swift in Sources */,
			);
			runOnlyForDeploymentPostprocessing = 0;
		};
/* End PBXSourcesBuildPhase section */

/* Begin PBXTargetDependency section */
		3A7899521F3ED1F1007CDDA0 /* PBXTargetDependency */ = {
			isa = PBXTargetDependency;
			target = 3A7899381F3ED1F1007CDDA0 /* pawneeproject */;
			targetProxy = 3A7899511F3ED1F1007CDDA0 /* PBXContainerItemProxy */;
		};
		3A78995D1F3ED1F1007CDDA0 /* PBXTargetDependency */ = {
			isa = PBXTargetDependency;
			target = 3A7899381F3ED1F1007CDDA0 /* pawneeproject */;
			targetProxy = 3A78995C1F3ED1F1007CDDA0 /* PBXContainerItemProxy */;
		};
/* End PBXTargetDependency section */

/* Begin PBXVariantGroup section */
		3A7899401F3ED1F1007CDDA0 /* Main.storyboard */ = {
			isa = PBXVariantGroup;
			children = (
				3A7899411F3ED1F1007CDDA0 /* Base */,
			);
			name = Main.storyboard;
			sourceTree = "<group>";
		};
		3A7899481F3ED1F1007CDDA0 /* LaunchScreen.storyboard */ = {
			isa = PBXVariantGroup;
			children = (
				3A7899491F3ED1F1007CDDA0 /* Base */,
			);
			name = LaunchScreen.storyboard;
			sourceTree = "<group>";
		};
/* End PBXVariantGroup section */

/* Begin XCBuildConfiguration section */
		3A7899621F3ED1F1007CDDA0 /* Debug */ = {
			isa = XCBuildConfiguration;
			buildSettings = {
				ALWAYS_SEARCH_USER_PATHS = NO;
				CLANG_ANALYZER_NONNULL = YES;
				CLANG_ANALYZER_NUMBER_OBJECT_CONVERSION = YES_AGGRESSIVE;
				CLANG_CXX_LANGUAGE_STANDARD = "gnu++0x";
				CLANG_CXX_LIBRARY = "libc++";
				CLANG_ENABLE_MODULES = YES;
				CLANG_ENABLE_OBJC_ARC = YES;
				CLANG_WARN_BOOL_CONVERSION = YES;
				CLANG_WARN_CONSTANT_CONVERSION = YES;
				CLANG_WARN_DIRECT_OBJC_ISA_USAGE = YES_ERROR;
				CLANG_WARN_DOCUMENTATION_COMMENTS = YES;
				CLANG_WARN_EMPTY_BODY = YES;
				CLANG_WARN_ENUM_CONVERSION = YES;
				CLANG_WARN_INFINITE_RECURSION = YES;
				CLANG_WARN_INT_CONVERSION = YES;
				CLANG_WARN_OBJC_ROOT_CLASS = YES_ERROR;
				CLANG_WARN_SUSPICIOUS_MOVE = YES;
				CLANG_WARN_UNREACHABLE_CODE = YES;
				CLANG_WARN__DUPLICATE_METHOD_MATCH = YES;
				"CODE_SIGN_IDENTITY[sdk=iphoneos*]" = "iPhone Developer";
				COPY_PHASE_STRIP = NO;
				DEBUG_INFORMATION_FORMAT = dwarf;
				ENABLE_STRICT_OBJC_MSGSEND = YES;
				ENABLE_TESTABILITY = YES;
				GCC_C_LANGUAGE_STANDARD = gnu99;
				GCC_DYNAMIC_NO_PIC = NO;
				GCC_NO_COMMON_BLOCKS = YES;
				GCC_OPTIMIZATION_LEVEL = 0;
				GCC_PREPROCESSOR_DEFINITIONS = (
					"DEBUG=1",
					"$(inherited)",
				);
				GCC_WARN_64_TO_32_BIT_CONVERSION = YES;
				GCC_WARN_ABOUT_RETURN_TYPE = YES_ERROR;
				GCC_WARN_UNDECLARED_SELECTOR = YES;
				GCC_WARN_UNINITIALIZED_AUTOS = YES_AGGRESSIVE;
				GCC_WARN_UNUSED_FUNCTION = YES;
				GCC_WARN_UNUSED_VARIABLE = YES;
				IPHONEOS_DEPLOYMENT_TARGET = 10.3;
				MTL_ENABLE_DEBUG_INFO = YES;
				ONLY_ACTIVE_ARCH = YES;
				SDKROOT = iphoneos;
				SWIFT_ACTIVE_COMPILATION_CONDITIONS = DEBUG;
				SWIFT_OPTIMIZATION_LEVEL = "-Onone";
			};
			name = Debug;
		};
		3A7899631F3ED1F1007CDDA0 /* Release */ = {
			isa = XCBuildConfiguration;
			buildSettings = {
				ALWAYS_SEARCH_USER_PATHS = NO;
				CLANG_ANALYZER_NONNULL = YES;
				CLANG_ANALYZER_NUMBER_OBJECT_CONVERSION = YES_AGGRESSIVE;
				CLANG_CXX_LANGUAGE_STANDARD = "gnu++0x";
				CLANG_CXX_LIBRARY = "libc++";
				CLANG_ENABLE_MODULES = YES;
				CLANG_ENABLE_OBJC_ARC = YES;
				CLANG_WARN_BOOL_CONVERSION = YES;
				CLANG_WARN_CONSTANT_CONVERSION = YES;
				CLANG_WARN_DIRECT_OBJC_ISA_USAGE = YES_ERROR;
				CLANG_WARN_DOCUMENTATION_COMMENTS = YES;
				CLANG_WARN_EMPTY_BODY = YES;
				CLANG_WARN_ENUM_CONVERSION = YES;
				CLANG_WARN_INFINITE_RECURSION = YES;
				CLANG_WARN_INT_CONVERSION = YES;
				CLANG_WARN_OBJC_ROOT_CLASS = YES_ERROR;
				CLANG_WARN_SUSPICIOUS_MOVE = YES;
				CLANG_WARN_UNREACHABLE_CODE = YES;
				CLANG_WARN__DUPLICATE_METHOD_MATCH = YES;
				"CODE_SIGN_IDENTITY[sdk=iphoneos*]" = "iPhone Developer";
				COPY_PHASE_STRIP = NO;
				DEBUG_INFORMATION_FORMAT = "dwarf-with-dsym";
				ENABLE_NS_ASSERTIONS = NO;
				ENABLE_STRICT_OBJC_MSGSEND = YES;
				GCC_C_LANGUAGE_STANDARD = gnu99;
				GCC_NO_COMMON_BLOCKS = YES;
				GCC_WARN_64_TO_32_BIT_CONVERSION = YES;
				GCC_WARN_ABOUT_RETURN_TYPE = YES_ERROR;
				GCC_WARN_UNDECLARED_SELECTOR = YES;
				GCC_WARN_UNINITIALIZED_AUTOS = YES_AGGRESSIVE;
				GCC_WARN_UNUSED_FUNCTION = YES;
				GCC_WARN_UNUSED_VARIABLE = YES;
				IPHONEOS_DEPLOYMENT_TARGET = 10.3;
				MTL_ENABLE_DEBUG_INFO = NO;
				SDKROOT = iphoneos;
				SWIFT_OPTIMIZATION_LEVEL = "-Owholemodule";
				VALIDATE_PRODUCT = YES;
			};
			name = Release;
		};
		3A7899651F3ED1F1007CDDA0 /* Debug */ = {
			isa = XCBuildConfiguration;
			buildSettings = {
				ASSETCATALOG_COMPILER_APPICON_NAME = AppIcon;
				DEVELOPMENT_TEAM = 3Z8AV2Q945;
				INFOPLIST_FILE = pawneeproject/Info.plist;
				LD_RUNPATH_SEARCH_PATHS = "$(inherited) @executable_path/Frameworks";
				PRODUCT_BUNDLE_IDENTIFIER = com.example.pawneeproject;
				PRODUCT_NAME = "$(TARGET_NAME)";
				SWIFT_VERSION = 3.0;
			};
			name = Debug;
		};
		3A7899661F3ED1F1007CDDA0 /* Release */ = {
			isa = XCBuildConfiguration;
			buildSettings = {
				ASSETCATALOG_COMPILER_APPICON_NAME = AppIcon;
				DEVELOPMENT_TEAM = 3Z8AV2Q945;
				INFOPLIST_FILE = pawneeproject/Info.plist;
				LD_RUNPATH_SEARCH_PATHS = "$(inherited) @executable_path/Frameworks";
				PRODUCT_BUNDLE_IDENTIFIER = com.example.pawneeproject;
				PRODUCT_NAME = "$(TARGET_NAME)";
				SWIFT_VERSION = 3.0;
			};
			name = Release;
		};
		3A7899681F3ED1F1007CDDA0 /* Debug */ = {
			isa = XCBuildConfiguration;
			buildSettings = {
				ALWAYS_EMBED_SWIFT_STANDARD_LIBRARIES = YES;
				BUNDLE_LOADER = "$(TEST_HOST)";
				DEVELOPMENT_TEAM = 3Z8AV2Q945;
				INFOPLIST_FILE = pawneeprojectTests/Info.plist;
				LD_RUNPATH_SEARCH_PATHS = "$(inherited) @executable_path/Frameworks @loader_path/Frameworks";
				PRODUCT_BUNDLE_IDENTIFIER = com.example.pawneeprojectTests;
				PRODUCT_NAME = "$(TARGET_NAME)";
				SWIFT_VERSION = 3.0;
				TEST_HOST = "$(BUILT_PRODUCTS_DIR)/pawneeproject.app/pawneeproject";
			};
			name = Debug;
		};
		3A7899691F3ED1F1007CDDA0 /* Release */ = {
			isa = XCBuildConfiguration;
			buildSettings = {
				ALWAYS_EMBED_SWIFT_STANDARD_LIBRARIES = YES;
				BUNDLE_LOADER = "$(TEST_HOST)";
				DEVELOPMENT_TEAM = 3Z8AV2Q945;
				INFOPLIST_FILE = pawneeprojectTests/Info.plist;
				LD_RUNPATH_SEARCH_PATHS = "$(inherited) @executable_path/Frameworks @loader_path/Frameworks";
				PRODUCT_BUNDLE_IDENTIFIER = com.example.pawneeprojectTests;
				PRODUCT_NAME = "$(TARGET_NAME)";
				SWIFT_VERSION = 3.0;
				TEST_HOST = "$(BUILT_PRODUCTS_DIR)/pawneeproject.app/pawneeproject";
			};
			name = Release;
		};
		3A78996B1F3ED1F1007CDDA0 /* Debug */ = {
			isa = XCBuildConfiguration;
			buildSettings = {
				ALWAYS_EMBED_SWIFT_STANDARD_LIBRARIES = YES;
				DEVELOPMENT_TEAM = 3Z8AV2Q945;
				INFOPLIST_FILE = pawneeprojectUITests/Info.plist;
				LD_RUNPATH_SEARCH_PATHS = "$(inherited) @executable_path/Frameworks @loader_path/Frameworks";
				PRODUCT_BUNDLE_IDENTIFIER = com.example.pawneeprojectUITests;
				PRODUCT_NAME = "$(TARGET_NAME)";
				SWIFT_VERSION = 3.0;
				TEST_TARGET_NAME = pawneeproject;
			};
			name = Debug;
		};
		3A78996C1F3ED1F1007CDDA0 /* Release */ = {
			isa = XCBuildConfiguration;
			buildSettings = {
				ALWAYS_EMBED_SWIFT_STANDARD_LIBRARIES = YES;
				DEVELOPMENT_TEAM = 3Z8AV2Q945;
				INFOPLIST_FILE = pawneeprojectUITests/Info.plist;
				LD_RUNPATH_SEARCH_PATHS = "$(inherited) @executable_path/Frameworks @loader_path/Frameworks";
				PRODUCT_BUNDLE_IDENTIFIER = com.example.pawneeprojectUITests;
				PRODUCT_NAME = "$(TARGET_NAME)";
				SWIFT_VERSION = 3.0;
				TEST_TARGET_NAME = pawneeproject;
			};
			name = Release;
		};
/* End XCBuildConfiguration section */

/* Begin XCConfigurationList section */
		3A7899341F3ED1F1007CDDA0 /* Build configuration list for PBXProject "pawneeproject" */ = {
			isa = XCConfigurationList;
			buildConfigurations = (
				3A7899621F3ED1F1007CDDA0 /* Debug */,
				3A7899631F3ED1F1007CDDA0 /* Release */,
			);
			defaultConfigurationIsVisible = 0;
			defaultConfigurationName = Release;
		};
		3A7899641F3ED1F1007CDDA0 /* Build configuration list for PBXNativeTarget "pawneeproject" */ = {
			isa = XCConfigurationList;
			buildConfigurations = (
				3A7899651F3ED1F1007CDDA0 /* Debug */,
				3A7899661F3ED1F1007CDDA0 /* Release */,
			);
			defaultConfigurationIsVisible = 0;
		};
		3A7899671F3ED1F1007CDDA0 /* Build configuration list for PBXNativeTarget "pawneeprojectTests" */ = {
			isa = XCConfigurationList;
			buildConfigurations = (
				3A7899681F3ED1F1007CDDA0 /* Debug */,
				3A7899691F3ED1F1007CDDA0 /* Release */,
			);
			defaultConfigurationIsVisible = 0;
		};
		3A78996A1F3ED1F1007CDDA0 /* Build configuration list for PBXNativeTarget "pawneeprojectUITests" */ = {
			isa = XCConfigurationList;
			buildConfigurations = (
				3A78996B1F3ED1F1007CDDA0 /* Debug */,
				3A78996C1F3ED1F1007CDDA0 /* Release */,
			);
			defaultConfigurationIsVisible = 0;
		};
/* End XCConfigurationList section */

/* Begin XCVersionGroup section */
		3A7899431F3ED1F1007CDDA0 /* pawneeproject.xcdatamodeld */ = {
			isa = XCVersionGroup;
			children = (
				3A7899441F3ED1F1007CDDA0 /* pawneeproject.xcdatamodel */,
			);
			currentVersion = 3A7899441F3ED1F1007CDDA0 /* pawneeproject.xcdatamodel */;
			path = pawneeproject.xcdatamodeld;
			sourceTree = "<group>";
			versionGroupType = wrapper.xcdatamodel;
		};
/* End XCVersionGroup section */
	};
	rootObject = 3A7899311F3ED1F1007CDDA0 /* Project object */;
}
